
Microsoft Visual Studio Solution File, Format Version 12.00
# Visual Studio 15
VisualStudioVersion = 15.0.28307.489
MinimumVisualStudioVersion = 10.0.40219.1
Project("{FAE04EC0-301F-11D3-BF4B-00C04F79EFBC}") = "umowaDoPDF", "umowaDoPDF\umowaDoPDF.csproj", "{6B8E9218-B6A5-491A-BF95-93D8C046503D}"
EndProject
Project("{FAE04EC0-301F-11D3-BF4B-00C04F79EFBC}") = "Tests", "Tests\Tests.csproj", "{2E62AB9C-7AF2-4D0C-B6C2-BE216067FA81}"
EndProject
Global
	GlobalSection(SolutionConfigurationPlatforms) = preSolution
		Debug|Any CPU = Debug|Any CPU
		Release|Any CPU = Release|Any CPU
	EndGlobalSection
	GlobalSection(ProjectConfigurationPlatforms) = postSolution
		{6B8E9218-B6A5-491A-BF95-93D8C046503D}.Debug|Any CPU.ActiveCfg = Debug|Any CPU
		{6B8E9218-B6A5-491A-BF95-93D8C046503D}.Debug|Any CPU.Build.0 = Debug|Any CPU
		{6B8E9218-B6A5-491A-BF95-93D8C046503D}.Release|Any CPU.ActiveCfg = Release|Any CPU
		{6B8E9218-B6A5-491A-BF95-93D8C046503D}.Release|Any CPU.Build.0 = Release|Any CPU
		{2E62AB9C-7AF2-4D0C-B6C2-BE216067FA81}.Debug|Any CPU.ActiveCfg = Debug|Any CPU
		{2E62AB9C-7AF2-4D0C-B6C2-BE216067FA81}.Debug|Any CPU.Build.0 = Debug|Any CPU
		{2E62AB9C-7AF2-4D0C-B6C2-BE216067FA81}.Release|Any CPU.ActiveCfg = Release|Any CPU
		{2E62AB9C-7AF2-4D0C-B6C2-BE216067FA81}.Release|Any CPU.Build.0 = Release|Any CPU
	EndGlobalSection
	GlobalSection(SolutionProperties) = preSolution
		HideSolutionNode = FALSE
	EndGlobalSection
	GlobalSection(ExtensibilityGlobals) = postSolution
		SolutionGuid = {01107DBB-8BD4-496D-A40E-529E482915F9}
	EndGlobalSection
EndGlobal
